# THIS IS AN AUTOGENERATED FILE. DO NOT EDIT THIS FILE DIRECTLY.
# yarn lockfile v1


cuss@^1.21.0:
  version "1.21.0"
  resolved "https://registry.yarnpkg.com/cuss/-/cuss-1.21.0.tgz#1aba3bb911fadda8566855ed036295af8116be40"
  integrity sha512-X3VvImImJ5q6w0wOgJtxAX+RC06d26egp/A/vdSxqOrsRtAA9biXAkc4PZGj/3gx0+z+gDFri6BpcpwuG1/UEw==
