# THIS IS AN AUTOGENERATED FILE. DO NOT EDIT THIS FILE DIRECTLY.
# yarn lockfile v1


cuss@^2.0.0:
  version "2.0.0"
  resolved "https://registry.yarnpkg.com/cuss/-/cuss-2.0.0.tgz#7f88210a9dfe3cd60834f1d82af97b62be44f89f"
  integrity sha512-EHbh7F4GHvgyuakXeic9wtfeEYves17MxLpgIsljCbaDil6auJVsTTLV/qwkZ58+Gu+NKmMHVQm81J3BcEqwUg==
